// !$*UTF8*$!
{
	archiveVersion = 1;
	classes = {
	};
	objectVersion = 50;
	objects = {

/* Begin PBXBuildFile section */
		AD876096252D1A800069BC31 /* AppDelegate.swift in Sources */ = {isa = PBXBuildFile; fileRef = AD876095252D1A800069BC31 /* AppDelegate.swift */; };
		AD876098252D1A800069BC31 /* SceneDelegate.swift in Sources */ = {isa = PBXBuildFile; fileRef = AD876097252D1A800069BC31 /* SceneDelegate.swift */; };
		AD87609A252D1A800069BC31 /* ContentView.swift in Sources */ = {isa = PBXBuildFile; fileRef = AD876099252D1A800069BC31 /* ContentView.swift */; };
		AD87609C252D1A810069BC31 /* Assets.xcassets in Resources */ = {isa = PBXBuildFile; fileRef = AD87609B252D1A810069BC31 /* Assets.xcassets */; };
		AD87609F252D1A810069BC31 /* Preview Assets.xcassets in Resources */ = {isa = PBXBuildFile; fileRef = AD87609E252D1A810069BC31 /* Preview Assets.xcassets */; };
		AD8760A2252D1A810069BC31 /* LaunchScreen.storyboard in Resources */ = {isa = PBXBuildFile; fileRef = AD8760A0252D1A810069BC31 /* LaunchScreen.storyboard */; };
		AD8760AC252D1DD60069BC31 /* NetworkManager.swift in Sources */ = {isa = PBXBuildFile; fileRef = AD8760AB252D1DD60069BC31 /* NetworkManager.swift */; };
		AD8760B0252D1F5F0069BC31 /* PostData.swift in Sources */ = {isa = PBXBuildFile; fileRef = AD8760AF252D1F5F0069BC31 /* PostData.swift */; };
		AD8760B5252D2DE30069BC31 /* DetailView.swift in Sources */ = {isa = PBXBuildFile; fileRef = AD8760B4252D2DE30069BC31 /* DetailView.swift */; };
		AD8760B8252D32800069BC31 /* WebView.swift in Sources */ = {isa = PBXBuildFile; fileRef = AD8760B7252D32800069BC31 /* WebView.swift */; };
/* End PBXBuildFile section */

/* Begin PBXFileReference section */
		AD876092252D1A800069BC31 /* H4XOR News.app */ = {isa = PBXFileReference; explicitFileType = wrapper.application; includeInIndex = 0; path = "H4XOR News.app"; sourceTree = BUILT_PRODUCTS_DIR; };
		AD876095252D1A800069BC31 /* AppDelegate.swift */ = {isa = PBXFileReference; lastKnownFileType = sourcecode.swift; path = AppDelegate.swift; sourceTree = "<group>"; };
		AD876097252D1A800069BC31 /* SceneDelegate.swift */ = {isa = PBXFileReference; lastKnownFileType = sourcecode.swift; path = SceneDelegate.swift; sourceTree = "<group>"; };
		AD876099252D1A800069BC31 /* ContentView.swift */ = {isa = PBXFileReference; lastKnownFileType = sourcecode.swift; path = ContentView.swift; sourceTree = "<group>"; };
		AD87609B252D1A810069BC31 /* Assets.xcassets */ = {isa = PBXFileReference; lastKnownFileType = folder.assetcatalog; path = Assets.xcassets; sourceTree = "<group>"; };
		AD87609E252D1A810069BC31 /* Preview Assets.xcassets */ = {isa = PBXFileReference; lastKnownFileType = folder.assetcatalog; path = "Preview Assets.xcassets"; sourceTree = "<group>"; };
		AD8760A1252D1A810069BC31 /* Base */ = {isa = PBXFileReference; lastKnownFileType = file.storyboard; name = Base; path = Base.lproj/LaunchScreen.storyboard; sourceTree = "<group>"; };
		AD8760A3252D1A810069BC31 /* Info.plist */ = {isa = PBXFileReference; lastKnownFileType = text.plist.xml; path = Info.plist; sourceTree = "<group>"; };
		AD8760AB252D1DD60069BC31 /* NetworkManager.swift */ = {isa = PBXFileReference; lastKnownFileType = sourcecode.swift; path = NetworkManager.swift; sourceTree = "<group>"; };
		AD8760AF252D1F5F0069BC31 /* PostData.swift */ = {isa = PBXFileReference; lastKnownFileType = sourcecode.swift; path = PostData.swift; sourceTree = "<group>"; };
		AD8760B4252D2DE30069BC31 /* DetailView.swift */ = {isa = PBXFileReference; lastKnownFileType = sourcecode.swift; path = DetailView.swift; sourceTree = "<group>"; };
		AD8760B7252D32800069BC31 /* WebView.swift */ = {isa = PBXFileReference; lastKnownFileType = sourcecode.swift; path = WebView.swift; sourceTree = "<group>"; };
		AD8760BA252D4CA90069BC31 /* H4XOR News.entitlements */ = {isa = PBXFileReference; lastKnownFileType = text.plist.entitlements; path = "H4XOR News.entitlements"; sourceTree = "<group>"; };
/* End PBXFileReference section */

/* Begin PBXFrameworksBuildPhase section */
		AD87608F252D1A800069BC31 /* Frameworks */ = {
			isa = PBXFrameworksBuildPhase;
			buildActionMask = 2147483647;
			files = (
			);
			runOnlyForDeploymentPostprocessing = 0;
		};
/* End PBXFrameworksBuildPhase section */

/* Begin PBXGroup section */
		AD876089252D1A800069BC31 = {
			isa = PBXGroup;
			children = (
				AD876094252D1A800069BC31 /* H4XOR News */,
				AD876093252D1A800069BC31 /* Products */,
			);
			sourceTree = "<group>";
		};
		AD876093252D1A800069BC31 /* Products */ = {
			isa = PBXGroup;
			children = (
				AD876092252D1A800069BC31 /* H4XOR News.app */,
			);
			name = Products;
			sourceTree = "<group>";
		};
		AD876094252D1A800069BC31 /* H4XOR News */ = {
			isa = PBXGroup;
			children = (
				AD8760BA252D4CA90069BC31 /* H4XOR News.entitlements */,
				AD876095252D1A800069BC31 /* AppDelegate.swift */,
				AD876097252D1A800069BC31 /* SceneDelegate.swift */,
				AD8760B2252D2DD10069BC31 /* Views */,
				AD8760AA252D1DBB0069BC31 /* Model */,
				AD87609B252D1A810069BC31 /* Assets.xcassets */,
				AD8760A0252D1A810069BC31 /* LaunchScreen.storyboard */,
				AD8760A3252D1A810069BC31 /* Info.plist */,
				AD87609D252D1A810069BC31 /* Preview Content */,
			);
			path = "H4XOR News";
			sourceTree = "<group>";
		};
		AD87609D252D1A810069BC31 /* Preview Content */ = {
			isa = PBXGroup;
			children = (
				AD87609E252D1A810069BC31 /* Preview Assets.xcassets */,
			);
			path = "Preview Content";
			sourceTree = "<group>";
		};
		AD8760AA252D1DBB0069BC31 /* Model */ = {
			isa = PBXGroup;
			children = (
				AD8760AB252D1DD60069BC31 /* NetworkManager.swift */,
				AD8760AF252D1F5F0069BC31 /* PostData.swift */,
			);
			path = Model;
			sourceTree = "<group>";
		};
		AD8760B2252D2DD10069BC31 /* Views */ = {
			isa = PBXGroup;
			children = (
				AD876099252D1A800069BC31 /* ContentView.swift */,
				AD8760B4252D2DE30069BC31 /* DetailView.swift */,
				AD8760B7252D32800069BC31 /* WebView.swift */,
			);
			path = Views;
			sourceTree = "<group>";
		};
/* End PBXGroup section */

/* Begin PBXNativeTarget section */
		AD876091252D1A800069BC31 /* H4XOR News */ = {
			isa = PBXNativeTarget;
			buildConfigurationList = AD8760A6252D1A810069BC31 /* Build configuration list for PBXNativeTarget "H4XOR News" */;
			buildPhases = (
				AD87608E252D1A800069BC31 /* Sources */,
				AD87608F252D1A800069BC31 /* Frameworks */,
				AD876090252D1A800069BC31 /* Resources */,
			);
			buildRules = (
			);
			dependencies = (
			);
			name = "H4XOR News";
			productName = "H4XOR News";
			productReference = AD876092252D1A800069BC31 /* H4XOR News.app */;
			productType = "com.apple.product-type.application";
		};
/* End PBXNativeTarget section */

/* Begin PBXProject section */
		AD87608A252D1A800069BC31 /* Project object */ = {
			isa = PBXProject;
			attributes = {
				LastSwiftUpdateCheck = 1200;
				LastUpgradeCheck = 1200;
				TargetAttributes = {
					AD876091252D1A800069BC31 = {
						CreatedOnToolsVersion = 12.0.1;
					};
				};
			};
			buildConfigurationList = AD87608D252D1A800069BC31 /* Build configuration list for PBXProject "H4XOR News" */;
			compatibilityVersion = "Xcode 9.3";
			developmentRegion = en;
			hasScannedForEncodings = 0;
			knownRegions = (
				en,
				Base,
			);
			mainGroup = AD876089252D1A800069BC31;
			productRefGroup = AD876093252D1A800069BC31 /* Products */;
			projectDirPath = "";
			projectRoot = "";
			targets = (
				AD876091252D1A800069BC31 /* H4XOR News */,
			);
		};
/* End PBXProject section */

/* Begin PBXResourcesBuildPhase section */
		AD876090252D1A800069BC31 /* Resources */ = {
			isa = PBXResourcesBuildPhase;
			buildActionMask = 2147483647;
			files = (
				AD8760A2252D1A810069BC31 /* LaunchScreen.storyboard in Resources */,
				AD87609F252D1A810069BC31 /* Preview Assets.xcassets in Resources */,
				AD87609C252D1A810069BC31 /* Assets.xcassets in Resources */,
			);
			runOnlyForDeploymentPostprocessing = 0;
		};
/* End PBXResourcesBuildPhase section */

/* Begin PBXSourcesBuildPhase section */
		AD87608E252D1A800069BC31 /* Sources */ = {
			isa = PBXSourcesBuildPhase;
			buildActionMask = 2147483647;
			files = (
				AD8760B0252D1F5F0069BC31 /* PostData.swift in Sources */,
				AD8760B5252D2DE30069BC31 /* DetailView.swift in Sources */,
				AD8760AC252D1DD60069BC31 /* NetworkManager.swift in Sources */,
				AD876096252D1A800069BC31 /* AppDelegate.swift in Sources */,
				AD876098252D1A800069BC31 /* SceneDelegate.swift in Sources */,
				AD87609A252D1A800069BC31 /* ContentView.swift in Sources */,
				AD8760B8252D32800069BC31 /* WebView.swift in Sources */,
			);
			runOnlyForDeploymentPostprocessing = 0;
		};
/* End PBXSourcesBuildPhase section */

/* Begin PBXVariantGroup section */
		AD8760A0252D1A810069BC31 /* LaunchScreen.storyboard */ = {
			isa = PBXVariantGroup;
			children = (
				AD8760A1252D1A810069BC31 /* Base */,
			);
			name = LaunchScreen.storyboard;
			sourceTree = "<group>";
		};
/* End PBXVariantGroup section */

/* Begin XCBuildConfiguration section */
		AD8760A4252D1A810069BC31 /* Debug */ = {
			isa = XCBuildConfiguration;
			buildSettings = {
				ALWAYS_SEARCH_USER_PATHS = NO;
				CLANG_ANALYZER_NONNULL = YES;
				CLANG_ANALYZER_NUMBER_OBJECT_CONVERSION = YES_AGGRESSIVE;
				CLANG_CXX_LANGUAGE_STANDARD = "gnu++14";
				CLANG_CXX_LIBRARY = "libc++";
				CLANG_ENABLE_MODULES = YES;
				CLANG_ENABLE_OBJC_ARC = YES;
				CLANG_ENABLE_OBJC_WEAK = YES;
				CLANG_WARN_BLOCK_CAPTURE_AUTORELEASING = YES;
				CLANG_WARN_BOOL_CONVERSION = YES;
				CLANG_WARN_COMMA = YES;
				CLANG_WARN_CONSTANT_CONVERSION = YES;
				CLANG_WARN_DEPRECATED_OBJC_IMPLEMENTATIONS = YES;
				CLANG_WARN_DIRECT_OBJC_ISA_USAGE = YES_ERROR;
				CLANG_WARN_DOCUMENTATION_COMMENTS = YES;
				CLANG_WARN_EMPTY_BODY = YES;
				CLANG_WARN_ENUM_CONVERSION = YES;
				CLANG_WARN_INFINITE_RECURSION = YES;
				CLANG_WARN_INT_CONVERSION = YES;
				CLANG_WARN_NON_LITERAL_NULL_CONVERSION = YES;
				CLANG_WARN_OBJC_IMPLICIT_RETAIN_SELF = YES;
				CLANG_WARN_OBJC_LITERAL_CONVERSION = YES;
				CLANG_WARN_OBJC_ROOT_CLASS = YES_ERROR;
				CLANG_WARN_QUOTED_INCLUDE_IN_FRAMEWORK_HEADER = YES;
				CLANG_WARN_RANGE_LOOP_ANALYSIS = YES;
				CLANG_WARN_STRICT_PROTOTYPES = YES;
				CLANG_WARN_SUSPICIOUS_MOVE = YES;
				CLANG_WARN_UNGUARDED_AVAILABILITY = YES_AGGRESSIVE;
				CLANG_WARN_UNREACHABLE_CODE = YES;
				CLANG_WARN__DUPLICATE_METHOD_MATCH = YES;
				COPY_PHASE_STRIP = NO;
				DEBUG_INFORMATION_FORMAT = dwarf;
				ENABLE_STRICT_OBJC_MSGSEND = YES;
				ENABLE_TESTABILITY = YES;
				GCC_C_LANGUAGE_STANDARD = gnu11;
				GCC_DYNAMIC_NO_PIC = NO;
				GCC_NO_COMMON_BLOCKS = YES;
				GCC_OPTIMIZATION_LEVEL = 0;
				GCC_PREPROCESSOR_DEFINITIONS = (
					"DEBUG=1",
					"$(inherited)",
				);
				GCC_WARN_64_TO_32_BIT_CONVERSION = YES;
				GCC_WARN_ABOUT_RETURN_TYPE = YES_ERROR;
				GCC_WARN_UNDECLARED_SELECTOR = YES;
				GCC_WARN_UNINITIALIZED_AUTOS = YES_AGGRESSIVE;
				GCC_WARN_UNUSED_FUNCTION = YES;
				GCC_WARN_UNUSED_VARIABLE = YES;
				IPHONEOS_DEPLOYMENT_TARGET = 14.0;
				MTL_ENABLE_DEBUG_INFO = INCLUDE_SOURCE;
				MTL_FAST_MATH = YES;
				ONLY_ACTIVE_ARCH = YES;
				SDKROOT = iphoneos;
				SWIFT_ACTIVE_COMPILATION_CONDITIONS = DEBUG;
				SWIFT_OPTIMIZATION_LEVEL = "-Onone";
			};
			name = Debug;
		};
		AD8760A5252D1A810069BC31 /* Release */ = {
			isa = XCBuildConfiguration;
			buildSettings = {
				ALWAYS_SEARCH_USER_PATHS = NO;
				CLANG_ANALYZER_NONNULL = YES;
				CLANG_ANALYZER_NUMBER_OBJECT_CONVERSION = YES_AGGRESSIVE;
				CLANG_CXX_LANGUAGE_STANDARD = "gnu++14";
				CLANG_CXX_LIBRARY = "libc++";
				CLANG_ENABLE_MODULES = YES;
				CLANG_ENABLE_OBJC_ARC = YES;
				CLANG_ENABLE_OBJC_WEAK = YES;
				CLANG_WARN_BLOCK_CAPTURE_AUTORELEASING = YES;
				CLANG_WARN_BOOL_CONVERSION = YES;
				CLANG_WARN_COMMA = YES;
				CLANG_WARN_CONSTANT_CONVERSION = YES;
				CLANG_WARN_DEPRECATED_OBJC_IMPLEMENTATIONS = YES;
				CLANG_WARN_DIRECT_OBJC_ISA_USAGE = YES_ERROR;
				CLANG_WARN_DOCUMENTATION_COMMENTS = YES;
				CLANG_WARN_EMPTY_BODY = YES;
				CLANG_WARN_ENUM_CONVERSION = YES;
				CLANG_WARN_INFINITE_RECURSION = YES;
				CLANG_WARN_INT_CONVERSION = YES;
				CLANG_WARN_NON_LITERAL_NULL_CONVERSION = YES;
				CLANG_WARN_OBJC_IMPLICIT_RETAIN_SELF = YES;
				CLANG_WARN_OBJC_LITERAL_CONVERSION = YES;
				CLANG_WARN_OBJC_ROOT_CLASS = YES_ERROR;
				CLANG_WARN_QUOTED_INCLUDE_IN_FRAMEWORK_HEADER = YES;
				CLANG_WARN_RANGE_LOOP_ANALYSIS = YES;
				CLANG_WARN_STRICT_PROTOTYPES = YES;
				CLANG_WARN_SUSPICIOUS_MOVE = YES;
				CLANG_WARN_UNGUARDED_AVAILABILITY = YES_AGGRESSIVE;
				CLANG_WARN_UNREACHABLE_CODE = YES;
				CLANG_WARN__DUPLICATE_METHOD_MATCH = YES;
				COPY_PHASE_STRIP = NO;
				DEBUG_INFORMATION_FORMAT = "dwarf-with-dsym";
				ENABLE_NS_ASSERTIONS = NO;
				ENABLE_STRICT_OBJC_MSGSEND = YES;
				GCC_C_LANGUAGE_STANDARD = gnu11;
				GCC_NO_COMMON_BLOCKS = YES;
				GCC_WARN_64_TO_32_BIT_CONVERSION = YES;
				GCC_WARN_ABOUT_RETURN_TYPE = YES_ERROR;
				GCC_WARN_UNDECLARED_SELECTOR = YES;
				GCC_WARN_UNINITIALIZED_AUTOS = YES_AGGRESSIVE;
				GCC_WARN_UNUSED_FUNCTION = YES;
				GCC_WARN_UNUSED_VARIABLE = YES;
				IPHONEOS_DEPLOYMENT_TARGET = 14.0;
				MTL_ENABLE_DEBUG_INFO = NO;
				MTL_FAST_MATH = YES;
				SDKROOT = iphoneos;
				SWIFT_COMPILATION_MODE = wholemodule;
				SWIFT_OPTIMIZATION_LEVEL = "-O";
				VALIDATE_PRODUCT = YES;
			};
			name = Release;
		};
		AD8760A7252D1A810069BC31 /* Debug */ = {
			isa = XCBuildConfiguration;
			buildSettings = {
				ASSETCATALOG_COMPILER_APPICON_NAME = AppIcon;
				ASSETCATALOG_COMPILER_GLOBAL_ACCENT_COLOR_NAME = AccentColor;
				CODE_SIGN_ENTITLEMENTS = "H4XOR News/H4XOR News.entitlements";
				CODE_SIGN_STYLE = Automatic;
				DEVELOPMENT_ASSET_PATHS = "\"H4XOR News/Preview Content\"";
				DEVELOPMENT_TEAM = 32G5V428A6;
				ENABLE_PREVIEWS = YES;
				INFOPLIST_FILE = "H4XOR News/Info.plist";
				LD_RUNPATH_SEARCH_PATHS = (
					"$(inherited)",
					"@executable_path/Frameworks",
				);
				PRODUCT_BUNDLE_IDENTIFIER = "com.shawnwilliams.H4XOR-News";
				PRODUCT_NAME = "$(TARGET_NAME)";
				SUPPORTS_MACCATALYST = YES;
				SUPPORTS_MAC_DESIGNED_FOR_IPHONE_IPAD = NO;
				SWIFT_VERSION = 5.0;
				TARGETED_DEVICE_FAMILY = "1,2";
			};
			name = Debug;
		};
		AD8760A8252D1A810069BC31 /* Release */ = {
			isa = XCBuildConfiguration;
			buildSettings = {
				ASSETCATALOG_COMPILER_APPICON_NAME = AppIcon;
				ASSETCATALOG_COMPILER_GLOBAL_ACCENT_COLOR_NAME = AccentColor;
				CODE_SIGN_ENTITLEMENTS = "H4XOR News/H4XOR News.entitlements";
				CODE_SIGN_STYLE = Automatic;
				DEVELOPMENT_ASSET_PATHS = "\"H4XOR News/Preview Content\"";
				DEVELOPMENT_TEAM = 32G5V428A6;
				ENABLE_PREVIEWS = YES;
				INFOPLIST_FILE = "H4XOR News/Info.plist";
				LD_RUNPATH_SEARCH_PATHS = (
					"$(inherited)",
					"@executable_path/Frameworks",
				);
				PRODUCT_BUNDLE_IDENTIFIER = "com.shawnwilliams.H4XOR-News";
				PRODUCT_NAME = "$(TARGET_NAME)";
				SUPPORTS_MACCATALYST = YES;
				SUPPORTS_MAC_DESIGNED_FOR_IPHONE_IPAD = NO;
				SWIFT_VERSION = 5.0;
				TARGETED_DEVICE_FAMILY = "1,2";
			};
			name = Release;
		};
/* End XCBuildConfiguration section */

/* Begin XCConfigurationList section */
		AD87608D252D1A800069BC31 /* Build configuration list for PBXProject "H4XOR News" */ = {
			isa = XCConfigurationList;
			buildConfigurations = (
				AD8760A4252D1A810069BC31 /* Debug */,
				AD8760A5252D1A810069BC31 /* Release */,
			);
			defaultConfigurationIsVisible = 0;
			defaultConfigurationName = Release;
		};
		AD8760A6252D1A810069BC31 /* Build configuration list for PBXNativeTarget "H4XOR News" */ = {
			isa = XCConfigurationList;
			buildConfigurations = (
				AD8760A7252D1A810069BC31 /* Debug */,
				AD8760A8252D1A810069BC31 /* Release */,
			);
			defaultConfigurationIsVisible = 0;
			defaultConfigurationName = Release;
		};
/* End XCConfigurationList section */
	};
	rootObject = AD87608A252D1A800069BC31 /* Project object */;
}
